// !$*UTF8*$!
{
	archiveVersion = 1;
	classes = {
	};
	objectVersion = 56;
	objects = {

/* Begin PBXBuildFile section */
		DEA1CF8B298FDD13006E60EE /* AppDelegate.swift in Sources */ = {isa = PBXBuildFile; fileRef = DEA1CF8A298FDD13006E60EE /* AppDelegate.swift */; };
		DEA1CF8D298FDD13006E60EE /* SceneDelegate.swift in Sources */ = {isa = PBXBuildFile; fileRef = DEA1CF8C298FDD13006E60EE /* SceneDelegate.swift */; };
		DEA1CF8F298FDD13006E60EE /* ConversationsViewController.swift in Sources */ = {isa = PBXBuildFile; fileRef = DEA1CF8E298FDD13006E60EE /* ConversationsViewController.swift */; };
		DEA1CF92298FDD13006E60EE /* Main.storyboard in Resources */ = {isa = PBXBuildFile; fileRef = DEA1CF90298FDD13006E60EE /* Main.storyboard */; };
		DEA1CF94298FDD14006E60EE /* Assets.xcassets in Resources */ = {isa = PBXBuildFile; fileRef = DEA1CF93298FDD14006E60EE /* Assets.xcassets */; };
		DEA1CF97298FDD14006E60EE /* LaunchScreen.storyboard in Resources */ = {isa = PBXBuildFile; fileRef = DEA1CF95298FDD14006E60EE /* LaunchScreen.storyboard */; };
		DEA1CFA5298FE1E2006E60EE /* LoginViewController.swift in Sources */ = {isa = PBXBuildFile; fileRef = DEA1CFA4298FE1E2006E60EE /* LoginViewController.swift */; };
		DEA1CFA7298FE1F1006E60EE /* RegisterViewController.swift in Sources */ = {isa = PBXBuildFile; fileRef = DEA1CFA6298FE1F1006E60EE /* RegisterViewController.swift */; };
		DEA1CFA9298FE216006E60EE /* PhotoViewerViewController.swift in Sources */ = {isa = PBXBuildFile; fileRef = DEA1CFA8298FE216006E60EE /* PhotoViewerViewController.swift */; };
		DEA1CFAB298FE225006E60EE /* VideoPlayerViewController.swift in Sources */ = {isa = PBXBuildFile; fileRef = DEA1CFAA298FE225006E60EE /* VideoPlayerViewController.swift */; };
		DEA1CFAD298FE25F006E60EE /* NewConversationViewController.swift in Sources */ = {isa = PBXBuildFile; fileRef = DEA1CFAC298FE25F006E60EE /* NewConversationViewController.swift */; };
		DEA1CFAF298FE271006E60EE /* ProfileViewController.swift in Sources */ = {isa = PBXBuildFile; fileRef = DEA1CFAE298FE271006E60EE /* ProfileViewController.swift */; };
/* End PBXBuildFile section */

/* Begin PBXFileReference section */
		DEA1CF87298FDD13006E60EE /* Messanger.app */ = {isa = PBXFileReference; explicitFileType = wrapper.application; includeInIndex = 0; path = Messanger.app; sourceTree = BUILT_PRODUCTS_DIR; };
		DEA1CF8A298FDD13006E60EE /* AppDelegate.swift */ = {isa = PBXFileReference; lastKnownFileType = sourcecode.swift; path = AppDelegate.swift; sourceTree = "<group>"; };
		DEA1CF8C298FDD13006E60EE /* SceneDelegate.swift */ = {isa = PBXFileReference; lastKnownFileType = sourcecode.swift; path = SceneDelegate.swift; sourceTree = "<group>"; };
		DEA1CF8E298FDD13006E60EE /* ConversationsViewController.swift */ = {isa = PBXFileReference; lastKnownFileType = sourcecode.swift; path = ConversationsViewController.swift; sourceTree = "<group>"; };
		DEA1CF91298FDD13006E60EE /* Base */ = {isa = PBXFileReference; lastKnownFileType = file.storyboard; name = Base; path = Base.lproj/Main.storyboard; sourceTree = "<group>"; };
		DEA1CF93298FDD14006E60EE /* Assets.xcassets */ = {isa = PBXFileReference; lastKnownFileType = folder.assetcatalog; path = Assets.xcassets; sourceTree = "<group>"; };
		DEA1CF96298FDD14006E60EE /* Base */ = {isa = PBXFileReference; lastKnownFileType = file.storyboard; name = Base; path = Base.lproj/LaunchScreen.storyboard; sourceTree = "<group>"; };
		DEA1CF98298FDD14006E60EE /* Info.plist */ = {isa = PBXFileReference; lastKnownFileType = text.plist.xml; path = Info.plist; sourceTree = "<group>"; };
		DEA1CFA4298FE1E2006E60EE /* LoginViewController.swift */ = {isa = PBXFileReference; lastKnownFileType = sourcecode.swift; path = LoginViewController.swift; sourceTree = "<group>"; };
		DEA1CFA6298FE1F1006E60EE /* RegisterViewController.swift */ = {isa = PBXFileReference; lastKnownFileType = sourcecode.swift; path = RegisterViewController.swift; sourceTree = "<group>"; };
		DEA1CFA8298FE216006E60EE /* PhotoViewerViewController.swift */ = {isa = PBXFileReference; lastKnownFileType = sourcecode.swift; path = PhotoViewerViewController.swift; sourceTree = "<group>"; };
		DEA1CFAA298FE225006E60EE /* VideoPlayerViewController.swift */ = {isa = PBXFileReference; lastKnownFileType = sourcecode.swift; path = VideoPlayerViewController.swift; sourceTree = "<group>"; };
		DEA1CFAC298FE25F006E60EE /* NewConversationViewController.swift */ = {isa = PBXFileReference; lastKnownFileType = sourcecode.swift; path = NewConversationViewController.swift; sourceTree = "<group>"; };
		DEA1CFAE298FE271006E60EE /* ProfileViewController.swift */ = {isa = PBXFileReference; lastKnownFileType = sourcecode.swift; path = ProfileViewController.swift; sourceTree = "<group>"; };
/* End PBXFileReference section */

/* Begin PBXFrameworksBuildPhase section */
		DEA1CF84298FDD13006E60EE /* Frameworks */ = {
			isa = PBXFrameworksBuildPhase;
			buildActionMask = 2147483647;
			files = (
			);
			runOnlyForDeploymentPostprocessing = 0;
		};
/* End PBXFrameworksBuildPhase section */

/* Begin PBXGroup section */
		DEA1CF7E298FDD13006E60EE = {
			isa = PBXGroup;
			children = (
				DEA1CF89298FDD13006E60EE /* Messanger */,
				DEA1CF88298FDD13006E60EE /* Products */,
			);
			sourceTree = "<group>";
		};
		DEA1CF88298FDD13006E60EE /* Products */ = {
			isa = PBXGroup;
			children = (
				DEA1CF87298FDD13006E60EE /* Messanger.app */,
			);
			name = Products;
			sourceTree = "<group>";
		};
		DEA1CF89298FDD13006E60EE /* Messanger */ = {
			isa = PBXGroup;
			children = (
				DEA1CFA2298FE0D8006E60EE /* Resources */,
				DEA1CFA1298FE0CD006E60EE /* ViewModels */,
				DEA1CFA0298FE0C9006E60EE /* Models */,
				DEA1CF9F298FE0C5006E60EE /* Views */,
				DEA1CF9E298FE0BF006E60EE /* Controllers */,
				DEA1CF98298FDD14006E60EE /* Info.plist */,
			);
			path = Messanger;
			sourceTree = "<group>";
		};
		DEA1CF9E298FE0BF006E60EE /* Controllers */ = {
			isa = PBXGroup;
			children = (
				DEA1CF8E298FDD13006E60EE /* ConversationsViewController.swift */,
				DEA1CFA4298FE1E2006E60EE /* LoginViewController.swift */,
				DEA1CFA6298FE1F1006E60EE /* RegisterViewController.swift */,
				DEA1CFA8298FE216006E60EE /* PhotoViewerViewController.swift */,
				DEA1CFAA298FE225006E60EE /* VideoPlayerViewController.swift */,
				DEA1CFAC298FE25F006E60EE /* NewConversationViewController.swift */,
				DEA1CFAE298FE271006E60EE /* ProfileViewController.swift */,
			);
			path = Controllers;
			sourceTree = "<group>";
		};
		DEA1CF9F298FE0C5006E60EE /* Views */ = {
			isa = PBXGroup;
			children = (
				DEA1CFA3298FE101006E60EE /* Storyboards */,
				DEA1CF93298FDD14006E60EE /* Assets.xcassets */,
			);
			path = Views;
			sourceTree = "<group>";
		};
		DEA1CFA0298FE0C9006E60EE /* Models */ = {
			isa = PBXGroup;
			children = (
			);
			path = Models;
			sourceTree = "<group>";
		};
		DEA1CFA1298FE0CD006E60EE /* ViewModels */ = {
			isa = PBXGroup;
			children = (
			);
			path = ViewModels;
			sourceTree = "<group>";
		};
		DEA1CFA2298FE0D8006E60EE /* Resources */ = {
			isa = PBXGroup;
			children = (
				DEA1CF8A298FDD13006E60EE /* AppDelegate.swift */,
				DEA1CF8C298FDD13006E60EE /* SceneDelegate.swift */,
			);
			path = Resources;
			sourceTree = "<group>";
		};
		DEA1CFA3298FE101006E60EE /* Storyboards */ = {
			isa = PBXGroup;
			children = (
				DEA1CF90298FDD13006E60EE /* Main.storyboard */,
				DEA1CF95298FDD14006E60EE /* LaunchScreen.storyboard */,
			);
			path = Storyboards;
			sourceTree = "<group>";
		};
/* End PBXGroup section */

/* Begin PBXNativeTarget section */
		DEA1CF86298FDD13006E60EE /* Messanger */ = {
			isa = PBXNativeTarget;
			buildConfigurationList = DEA1CF9B298FDD14006E60EE /* Build configuration list for PBXNativeTarget "Messanger" */;
			buildPhases = (
				DEA1CF83298FDD13006E60EE /* Sources */,
				DEA1CF84298FDD13006E60EE /* Frameworks */,
				DEA1CF85298FDD13006E60EE /* Resources */,
			);
			buildRules = (
			);
			dependencies = (
			);
			name = Messanger;
			productName = Messanger;
			productReference = DEA1CF87298FDD13006E60EE /* Messanger.app */;
			productType = "com.apple.product-type.application";
		};
/* End PBXNativeTarget section */

/* Begin PBXProject section */
		DEA1CF7F298FDD13006E60EE /* Project object */ = {
			isa = PBXProject;
			attributes = {
				BuildIndependentTargetsInParallel = 1;
				LastSwiftUpdateCheck = 1410;
				LastUpgradeCheck = 1410;
				TargetAttributes = {
					DEA1CF86298FDD13006E60EE = {
						CreatedOnToolsVersion = 14.1;
					};
				};
			};
			buildConfigurationList = DEA1CF82298FDD13006E60EE /* Build configuration list for PBXProject "Messanger" */;
			compatibilityVersion = "Xcode 14.0";
			developmentRegion = en;
			hasScannedForEncodings = 0;
			knownRegions = (
				en,
				Base,
			);
			mainGroup = DEA1CF7E298FDD13006E60EE;
			productRefGroup = DEA1CF88298FDD13006E60EE /* Products */;
			projectDirPath = "";
			projectRoot = "";
			targets = (
				DEA1CF86298FDD13006E60EE /* Messanger */,
			);
		};
/* End PBXProject section */

/* Begin PBXResourcesBuildPhase section */
		DEA1CF85298FDD13006E60EE /* Resources */ = {
			isa = PBXResourcesBuildPhase;
			buildActionMask = 2147483647;
			files = (
				DEA1CF97298FDD14006E60EE /* LaunchScreen.storyboard in Resources */,
				DEA1CF94298FDD14006E60EE /* Assets.xcassets in Resources */,
				DEA1CF92298FDD13006E60EE /* Main.storyboard in Resources */,
			);
			runOnlyForDeploymentPostprocessing = 0;
		};
/* End PBXResourcesBuildPhase section */

/* Begin PBXSourcesBuildPhase section */
		DEA1CF83298FDD13006E60EE /* Sources */ = {
			isa = PBXSourcesBuildPhase;
			buildActionMask = 2147483647;
			files = (
				DEA1CFA5298FE1E2006E60EE /* LoginViewController.swift in Sources */,
				DEA1CFA7298FE1F1006E60EE /* RegisterViewController.swift in Sources */,
				DEA1CFAD298FE25F006E60EE /* NewConversationViewController.swift in Sources */,
				DEA1CF8F298FDD13006E60EE /* ConversationsViewController.swift in Sources */,
				DEA1CFAB298FE225006E60EE /* VideoPlayerViewController.swift in Sources */,
				DEA1CF8B298FDD13006E60EE /* AppDelegate.swift in Sources */,
				DEA1CFAF298FE271006E60EE /* ProfileViewController.swift in Sources */,
				DEA1CF8D298FDD13006E60EE /* SceneDelegate.swift in Sources */,
				DEA1CFA9298FE216006E60EE /* PhotoViewerViewController.swift in Sources */,
			);
			runOnlyForDeploymentPostprocessing = 0;
		};
/* End PBXSourcesBuildPhase section */

/* Begin PBXVariantGroup section */
		DEA1CF90298FDD13006E60EE /* Main.storyboard */ = {
			isa = PBXVariantGroup;
			children = (
				DEA1CF91298FDD13006E60EE /* Base */,
			);
			name = Main.storyboard;
			sourceTree = "<group>";
		};
		DEA1CF95298FDD14006E60EE /* LaunchScreen.storyboard */ = {
			isa = PBXVariantGroup;
			children = (
				DEA1CF96298FDD14006E60EE /* Base */,
			);
			name = LaunchScreen.storyboard;
			sourceTree = "<group>";
		};
/* End PBXVariantGroup section */

/* Begin XCBuildConfiguration section */
		DEA1CF99298FDD14006E60EE /* Debug */ = {
			isa = XCBuildConfiguration;
			buildSettings = {
				ALWAYS_SEARCH_USER_PATHS = NO;
				CLANG_ANALYZER_NONNULL = YES;
				CLANG_ANALYZER_NUMBER_OBJECT_CONVERSION = YES_AGGRESSIVE;
				CLANG_CXX_LANGUAGE_STANDARD = "gnu++20";
				CLANG_ENABLE_MODULES = YES;
				CLANG_ENABLE_OBJC_ARC = YES;
				CLANG_ENABLE_OBJC_WEAK = YES;
				CLANG_WARN_BLOCK_CAPTURE_AUTORELEASING = YES;
				CLANG_WARN_BOOL_CONVERSION = YES;
				CLANG_WARN_COMMA = YES;
				CLANG_WARN_CONSTANT_CONVERSION = YES;
				CLANG_WARN_DEPRECATED_OBJC_IMPLEMENTATIONS = YES;
				CLANG_WARN_DIRECT_OBJC_ISA_USAGE = YES_ERROR;
				CLANG_WARN_DOCUMENTATION_COMMENTS = YES;
				CLANG_WARN_EMPTY_BODY = YES;
				CLANG_WARN_ENUM_CONVERSION = YES;
				CLANG_WARN_INFINITE_RECURSION = YES;
				CLANG_WARN_INT_CONVERSION = YES;
				CLANG_WARN_NON_LITERAL_NULL_CONVERSION = YES;
				CLANG_WARN_OBJC_IMPLICIT_RETAIN_SELF = YES;
				CLANG_WARN_OBJC_LITERAL_CONVERSION = YES;
				CLANG_WARN_OBJC_ROOT_CLASS = YES_ERROR;
				CLANG_WARN_QUOTED_INCLUDE_IN_FRAMEWORK_HEADER = YES;
				CLANG_WARN_RANGE_LOOP_ANALYSIS = YES;
				CLANG_WARN_STRICT_PROTOTYPES = YES;
				CLANG_WARN_SUSPICIOUS_MOVE = YES;
				CLANG_WARN_UNGUARDED_AVAILABILITY = YES_AGGRESSIVE;
				CLANG_WARN_UNREACHABLE_CODE = YES;
				CLANG_WARN__DUPLICATE_METHOD_MATCH = YES;
				COPY_PHASE_STRIP = NO;
				DEBUG_INFORMATION_FORMAT = dwarf;
				ENABLE_STRICT_OBJC_MSGSEND = YES;
				ENABLE_TESTABILITY = YES;
				GCC_C_LANGUAGE_STANDARD = gnu11;
				GCC_DYNAMIC_NO_PIC = NO;
				GCC_NO_COMMON_BLOCKS = YES;
				GCC_OPTIMIZATION_LEVEL = 0;
				GCC_PREPROCESSOR_DEFINITIONS = (
					"DEBUG=1",
					"$(inherited)",
				);
				GCC_WARN_64_TO_32_BIT_CONVERSION = YES;
				GCC_WARN_ABOUT_RETURN_TYPE = YES_ERROR;
				GCC_WARN_UNDECLARED_SELECTOR = YES;
				GCC_WARN_UNINITIALIZED_AUTOS = YES_AGGRESSIVE;
				GCC_WARN_UNUSED_FUNCTION = YES;
				GCC_WARN_UNUSED_VARIABLE = YES;
				IPHONEOS_DEPLOYMENT_TARGET = 16.1;
				MTL_ENABLE_DEBUG_INFO = INCLUDE_SOURCE;
				MTL_FAST_MATH = YES;
				ONLY_ACTIVE_ARCH = YES;
				SDKROOT = iphoneos;
				SWIFT_ACTIVE_COMPILATION_CONDITIONS = DEBUG;
				SWIFT_OPTIMIZATION_LEVEL = "-Onone";
			};
			name = Debug;
		};
		DEA1CF9A298FDD14006E60EE /* Release */ = {
			isa = XCBuildConfiguration;
			buildSettings = {
				ALWAYS_SEARCH_USER_PATHS = NO;
				CLANG_ANALYZER_NONNULL = YES;
				CLANG_ANALYZER_NUMBER_OBJECT_CONVERSION = YES_AGGRESSIVE;
				CLANG_CXX_LANGUAGE_STANDARD = "gnu++20";
				CLANG_ENABLE_MODULES = YES;
				CLANG_ENABLE_OBJC_ARC = YES;
				CLANG_ENABLE_OBJC_WEAK = YES;
				CLANG_WARN_BLOCK_CAPTURE_AUTORELEASING = YES;
				CLANG_WARN_BOOL_CONVERSION = YES;
				CLANG_WARN_COMMA = YES;
				CLANG_WARN_CONSTANT_CONVERSION = YES;
				CLANG_WARN_DEPRECATED_OBJC_IMPLEMENTATIONS = YES;
				CLANG_WARN_DIRECT_OBJC_ISA_USAGE = YES_ERROR;
				CLANG_WARN_DOCUMENTATION_COMMENTS = YES;
				CLANG_WARN_EMPTY_BODY = YES;
				CLANG_WARN_ENUM_CONVERSION = YES;
				CLANG_WARN_INFINITE_RECURSION = YES;
				CLANG_WARN_INT_CONVERSION = YES;
				CLANG_WARN_NON_LITERAL_NULL_CONVERSION = YES;
				CLANG_WARN_OBJC_IMPLICIT_RETAIN_SELF = YES;
				CLANG_WARN_OBJC_LITERAL_CONVERSION = YES;
				CLANG_WARN_OBJC_ROOT_CLASS = YES_ERROR;
				CLANG_WARN_QUOTED_INCLUDE_IN_FRAMEWORK_HEADER = YES;
				CLANG_WARN_RANGE_LOOP_ANALYSIS = YES;
				CLANG_WARN_STRICT_PROTOTYPES = YES;
				CLANG_WARN_SUSPICIOUS_MOVE = YES;
				CLANG_WARN_UNGUARDED_AVAILABILITY = YES_AGGRESSIVE;
				CLANG_WARN_UNREACHABLE_CODE = YES;
				CLANG_WARN__DUPLICATE_METHOD_MATCH = YES;
				COPY_PHASE_STRIP = NO;
				DEBUG_INFORMATION_FORMAT = "dwarf-with-dsym";
				ENABLE_NS_ASSERTIONS = NO;
				ENABLE_STRICT_OBJC_MSGSEND = YES;
				GCC_C_LANGUAGE_STANDARD = gnu11;
				GCC_NO_COMMON_BLOCKS = YES;
				GCC_WARN_64_TO_32_BIT_CONVERSION = YES;
				GCC_WARN_ABOUT_RETURN_TYPE = YES_ERROR;
				GCC_WARN_UNDECLARED_SELECTOR = YES;
				GCC_WARN_UNINITIALIZED_AUTOS = YES_AGGRESSIVE;
				GCC_WARN_UNUSED_FUNCTION = YES;
				GCC_WARN_UNUSED_VARIABLE = YES;
				IPHONEOS_DEPLOYMENT_TARGET = 16.1;
				MTL_ENABLE_DEBUG_INFO = NO;
				MTL_FAST_MATH = YES;
				SDKROOT = iphoneos;
				SWIFT_COMPILATION_MODE = wholemodule;
				SWIFT_OPTIMIZATION_LEVEL = "-O";
				VALIDATE_PRODUCT = YES;
			};
			name = Release;
		};
		DEA1CF9C298FDD14006E60EE /* Debug */ = {
			isa = XCBuildConfiguration;
			buildSettings = {
				ASSETCATALOG_COMPILER_APPICON_NAME = AppIcon;
				ASSETCATALOG_COMPILER_GLOBAL_ACCENT_COLOR_NAME = AccentColor;
				CODE_SIGN_STYLE = Automatic;
				CURRENT_PROJECT_VERSION = 1;
				DEVELOPMENT_TEAM = ZY98G8GQD4;
				GENERATE_INFOPLIST_FILE = YES;
				INFOPLIST_FILE = Messanger/Info.plist;
				INFOPLIST_KEY_UIApplicationSupportsIndirectInputEvents = YES;
				INFOPLIST_KEY_UILaunchStoryboardName = LaunchScreen;
				INFOPLIST_KEY_UIMainStoryboardFile = Main;
				INFOPLIST_KEY_UISupportedInterfaceOrientations = "UIInterfaceOrientationLandscapeLeft UIInterfaceOrientationLandscapeRight UIInterfaceOrientationPortrait";
				INFOPLIST_KEY_UISupportedInterfaceOrientations_iPad = "UIInterfaceOrientationLandscapeLeft UIInterfaceOrientationLandscapeRight UIInterfaceOrientationPortrait UIInterfaceOrientationPortraitUpsideDown";
				LD_RUNPATH_SEARCH_PATHS = (
					"$(inherited)",
					"@executable_path/Frameworks",
				);
				MARKETING_VERSION = 1.0;
				PRODUCT_BUNDLE_IDENTIFIER = com.erkancosar.Messanger;
				PRODUCT_NAME = "$(TARGET_NAME)";
				SWIFT_EMIT_LOC_STRINGS = YES;
				SWIFT_VERSION = 5.0;
				TARGETED_DEVICE_FAMILY = "1,2";
			};
			name = Debug;
		};
		DEA1CF9D298FDD14006E60EE /* Release */ = {
			isa = XCBuildConfiguration;
			buildSettings = {
				ASSETCATALOG_COMPILER_APPICON_NAME = AppIcon;
				ASSETCATALOG_COMPILER_GLOBAL_ACCENT_COLOR_NAME = AccentColor;
				CODE_SIGN_STYLE = Automatic;
				CURRENT_PROJECT_VERSION = 1;
				DEVELOPMENT_TEAM = ZY98G8GQD4;
				GENERATE_INFOPLIST_FILE = YES;
				INFOPLIST_FILE = Messanger/Info.plist;
				INFOPLIST_KEY_UIApplicationSupportsIndirectInputEvents = YES;
				INFOPLIST_KEY_UILaunchStoryboardName = LaunchScreen;
				INFOPLIST_KEY_UIMainStoryboardFile = Main;
				INFOPLIST_KEY_UISupportedInterfaceOrientations = "UIInterfaceOrientationLandscapeLeft UIInterfaceOrientationLandscapeRight UIInterfaceOrientationPortrait";
				INFOPLIST_KEY_UISupportedInterfaceOrientations_iPad = "UIInterfaceOrientationLandscapeLeft UIInterfaceOrientationLandscapeRight UIInterfaceOrientationPortrait UIInterfaceOrientationPortraitUpsideDown";
				LD_RUNPATH_SEARCH_PATHS = (
					"$(inherited)",
					"@executable_path/Frameworks",
				);
				MARKETING_VERSION = 1.0;
				PRODUCT_BUNDLE_IDENTIFIER = com.erkancosar.Messanger;
				PRODUCT_NAME = "$(TARGET_NAME)";
				SWIFT_EMIT_LOC_STRINGS = YES;
				SWIFT_VERSION = 5.0;
				TARGETED_DEVICE_FAMILY = "1,2";
			};
			name = Release;
		};
/* End XCBuildConfiguration section */

/* Begin XCConfigurationList section */
		DEA1CF82298FDD13006E60EE /* Build configuration list for PBXProject "Messanger" */ = {
			isa = XCConfigurationList;
			buildConfigurations = (
				DEA1CF99298FDD14006E60EE /* Debug */,
				DEA1CF9A298FDD14006E60EE /* Release */,
			);
			defaultConfigurationIsVisible = 0;
			defaultConfigurationName = Release;
		};
		DEA1CF9B298FDD14006E60EE /* Build configuration list for PBXNativeTarget "Messanger" */ = {
			isa = XCConfigurationList;
			buildConfigurations = (
				DEA1CF9C298FDD14006E60EE /* Debug */,
				DEA1CF9D298FDD14006E60EE /* Release */,
			);
			defaultConfigurationIsVisible = 0;
			defaultConfigurationName = Release;
		};
/* End XCConfigurationList section */
	};
	rootObject = DEA1CF7F298FDD13006E60EE /* Project object */;
}
